
Microsoft Visual Studio Solution File, Format Version 12.00
# Visual Studio Version 16
VisualStudioVersion = 16.0.30011.22
MinimumVisualStudioVersion = 10.0.40219.1
Project("{9A19103F-16F7-4668-BE54-9A1E7A4F7556}") = "FiskeNettet", "FiskeNettet\FiskeNettet.csproj", "{0CB83564-F05E-4139-9DA2-595B3D81B762}"
EndProject
Project("{FAE04EC0-301F-11D3-BF4B-00C04F79EFBC}") = "DatabaseTests", "DatabaseTests\DatabaseTests.csproj", "{3634B615-CCCD-4BF1-88AB-4BB00F0C553D}"
EndProject
Global
	GlobalSection(SolutionConfigurationPlatforms) = preSolution
		Debug|Any CPU = Debug|Any CPU
		Release|Any CPU = Release|Any CPU
	EndGlobalSection
	GlobalSection(ProjectConfigurationPlatforms) = postSolution
		{0CB83564-F05E-4139-9DA2-595B3D81B762}.Debug|Any CPU.ActiveCfg = Debug|Any CPU
		{0CB83564-F05E-4139-9DA2-595B3D81B762}.Debug|Any CPU.Build.0 = Debug|Any CPU
		{0CB83564-F05E-4139-9DA2-595B3D81B762}.Release|Any CPU.ActiveCfg = Release|Any CPU
		{0CB83564-F05E-4139-9DA2-595B3D81B762}.Release|Any CPU.Build.0 = Release|Any CPU
		{3634B615-CCCD-4BF1-88AB-4BB00F0C553D}.Debug|Any CPU.ActiveCfg = Debug|Any CPU
		{3634B615-CCCD-4BF1-88AB-4BB00F0C553D}.Debug|Any CPU.Build.0 = Debug|Any CPU
		{3634B615-CCCD-4BF1-88AB-4BB00F0C553D}.Release|Any CPU.ActiveCfg = Release|Any CPU
		{3634B615-CCCD-4BF1-88AB-4BB00F0C553D}.Release|Any CPU.Build.0 = Release|Any CPU
	EndGlobalSection
	GlobalSection(SolutionProperties) = preSolution
		HideSolutionNode = FALSE
	EndGlobalSection
	GlobalSection(ExtensibilityGlobals) = postSolution
		SolutionGuid = {1414103A-A025-4D27-91D3-4DA9AB04E588}
	EndGlobalSection
EndGlobal
